// !$*UTF8*$!
{
	archiveVersion = 1;
	classes = {
	};
	objectVersion = 46;
	objects = {

/* Begin PBXBuildFile section */
		666C474C1E0A427300CF0709 /* AppDelegate.swift in Sources */ = {isa = PBXBuildFile; fileRef = 666C474B1E0A427300CF0709 /* AppDelegate.swift */; };
		666C474E1E0A427300CF0709 /* CheckboxExampleViewController.swift in Sources */ = {isa = PBXBuildFile; fileRef = 666C474D1E0A427300CF0709 /* CheckboxExampleViewController.swift */; };
		666C47511E0A427300CF0709 /* Main.storyboard in Resources */ = {isa = PBXBuildFile; fileRef = 666C474F1E0A427300CF0709 /* Main.storyboard */; };
		666C47531E0A427300CF0709 /* Assets.xcassets in Resources */ = {isa = PBXBuildFile; fileRef = 666C47521E0A427300CF0709 /* Assets.xcassets */; };
		666C47561E0A427300CF0709 /* LaunchScreen.storyboard in Resources */ = {isa = PBXBuildFile; fileRef = 666C47541E0A427300CF0709 /* LaunchScreen.storyboard */; };
		666C47611E0A427300CF0709 /* KTCheckboxButtonTests.swift in Sources */ = {isa = PBXBuildFile; fileRef = 666C47601E0A427300CF0709 /* KTCheckboxButtonTests.swift */; };
		666C476C1E0A427300CF0709 /* KTCheckboxButtonUITests.swift in Sources */ = {isa = PBXBuildFile; fileRef = 666C476B1E0A427300CF0709 /* KTCheckboxButtonUITests.swift */; };
		666C477A1E0A42D900CF0709 /* CheckboxButton.swift in Sources */ = {isa = PBXBuildFile; fileRef = 666C47791E0A42D900CF0709 /* CheckboxButton.swift */; };
/* End PBXBuildFile section */

/* Begin PBXContainerItemProxy section */
		666C475D1E0A427300CF0709 /* PBXContainerItemProxy */ = {
			isa = PBXContainerItemProxy;
			containerPortal = 666C47401E0A427300CF0709 /* Project object */;
			proxyType = 1;
			remoteGlobalIDString = 666C47471E0A427300CF0709;
			remoteInfo = KTCheckboxButton;
		};
		666C47681E0A427300CF0709 /* PBXContainerItemProxy */ = {
			isa = PBXContainerItemProxy;
			containerPortal = 666C47401E0A427300CF0709 /* Project object */;
			proxyType = 1;
			remoteGlobalIDString = 666C47471E0A427300CF0709;
			remoteInfo = KTCheckboxButton;
		};
/* End PBXContainerItemProxy section */

/* Begin PBXFileReference section */
		666C47481E0A427300CF0709 /* KTCheckboxButton.app */ = {isa = PBXFileReference; explicitFileType = wrapper.application; includeInIndex = 0; path = KTCheckboxButton.app; sourceTree = BUILT_PRODUCTS_DIR; };
		666C474B1E0A427300CF0709 /* AppDelegate.swift */ = {isa = PBXFileReference; lastKnownFileType = sourcecode.swift; path = AppDelegate.swift; sourceTree = "<group>"; };
		666C474D1E0A427300CF0709 /* CheckboxExampleViewController.swift */ = {isa = PBXFileReference; lastKnownFileType = sourcecode.swift; path = CheckboxExampleViewController.swift; sourceTree = "<group>"; };
		666C47501E0A427300CF0709 /* Base */ = {isa = PBXFileReference; lastKnownFileType = file.storyboard; name = Base; path = Base.lproj/Main.storyboard; sourceTree = "<group>"; };
		666C47521E0A427300CF0709 /* Assets.xcassets */ = {isa = PBXFileReference; lastKnownFileType = folder.assetcatalog; path = Assets.xcassets; sourceTree = "<group>"; };
		666C47551E0A427300CF0709 /* Base */ = {isa = PBXFileReference; lastKnownFileType = file.storyboard; name = Base; path = Base.lproj/LaunchScreen.storyboard; sourceTree = "<group>"; };
		666C47571E0A427300CF0709 /* Info.plist */ = {isa = PBXFileReference; lastKnownFileType = text.plist.xml; path = Info.plist; sourceTree = "<group>"; };
		666C475C1E0A427300CF0709 /* KTCheckboxButtonTests.xctest */ = {isa = PBXFileReference; explicitFileType = wrapper.cfbundle; includeInIndex = 0; path = KTCheckboxButtonTests.xctest; sourceTree = BUILT_PRODUCTS_DIR; };
		666C47601E0A427300CF0709 /* KTCheckboxButtonTests.swift */ = {isa = PBXFileReference; lastKnownFileType = sourcecode.swift; path = KTCheckboxButtonTests.swift; sourceTree = "<group>"; };
		666C47621E0A427300CF0709 /* Info.plist */ = {isa = PBXFileReference; lastKnownFileType = text.plist.xml; path = Info.plist; sourceTree = "<group>"; };
		666C47671E0A427300CF0709 /* KTCheckboxButtonUITests.xctest */ = {isa = PBXFileReference; explicitFileType = wrapper.cfbundle; includeInIndex = 0; path = KTCheckboxButtonUITests.xctest; sourceTree = BUILT_PRODUCTS_DIR; };
		666C476B1E0A427300CF0709 /* KTCheckboxButtonUITests.swift */ = {isa = PBXFileReference; lastKnownFileType = sourcecode.swift; path = KTCheckboxButtonUITests.swift; sourceTree = "<group>"; };
		666C476D1E0A427300CF0709 /* Info.plist */ = {isa = PBXFileReference; lastKnownFileType = text.plist.xml; path = Info.plist; sourceTree = "<group>"; };
		666C47791E0A42D900CF0709 /* CheckboxButton.swift */ = {isa = PBXFileReference; fileEncoding = 4; lastKnownFileType = sourcecode.swift; path = CheckboxButton.swift; sourceTree = "<group>"; };
/* End PBXFileReference section */

/* Begin PBXFrameworksBuildPhase section */
		666C47451E0A427300CF0709 /* Frameworks */ = {
			isa = PBXFrameworksBuildPhase;
			buildActionMask = 2147483647;
			files = (
			);
			runOnlyForDeploymentPostprocessing = 0;
		};
		666C47591E0A427300CF0709 /* Frameworks */ = {
			isa = PBXFrameworksBuildPhase;
			buildActionMask = 2147483647;
			files = (
			);
			runOnlyForDeploymentPostprocessing = 0;
		};
		666C47641E0A427300CF0709 /* Frameworks */ = {
			isa = PBXFrameworksBuildPhase;
			buildActionMask = 2147483647;
			files = (
			);
			runOnlyForDeploymentPostprocessing = 0;
		};
/* End PBXFrameworksBuildPhase section */

/* Begin PBXGroup section */
		666C473F1E0A427300CF0709 = {
			isa = PBXGroup;
			children = (
				666C474A1E0A427300CF0709 /* KTCheckboxButton */,
				666C475F1E0A427300CF0709 /* KTCheckboxButtonTests */,
				666C476A1E0A427300CF0709 /* KTCheckboxButtonUITests */,
				666C47491E0A427300CF0709 /* Products */,
			);
			sourceTree = "<group>";
		};
		666C47491E0A427300CF0709 /* Products */ = {
			isa = PBXGroup;
			children = (
				666C47481E0A427300CF0709 /* KTCheckboxButton.app */,
				666C475C1E0A427300CF0709 /* KTCheckboxButtonTests.xctest */,
				666C47671E0A427300CF0709 /* KTCheckboxButtonUITests.xctest */,
			);
			name = Products;
			sourceTree = "<group>";
		};
		666C474A1E0A427300CF0709 /* KTCheckboxButton */ = {
			isa = PBXGroup;
			children = (
				666C474B1E0A427300CF0709 /* AppDelegate.swift */,
				666C474D1E0A427300CF0709 /* CheckboxExampleViewController.swift */,
				666C47791E0A42D900CF0709 /* CheckboxButton.swift */,
				666C474F1E0A427300CF0709 /* Main.storyboard */,
				666C47521E0A427300CF0709 /* Assets.xcassets */,
				666C47541E0A427300CF0709 /* LaunchScreen.storyboard */,
				666C47571E0A427300CF0709 /* Info.plist */,
			);
			path = KTCheckboxButton;
			sourceTree = "<group>";
		};
		666C475F1E0A427300CF0709 /* KTCheckboxButtonTests */ = {
			isa = PBXGroup;
			children = (
				666C47601E0A427300CF0709 /* KTCheckboxButtonTests.swift */,
				666C47621E0A427300CF0709 /* Info.plist */,
			);
			path = KTCheckboxButtonTests;
			sourceTree = "<group>";
		};
		666C476A1E0A427300CF0709 /* KTCheckboxButtonUITests */ = {
			isa = PBXGroup;
			children = (
				666C476B1E0A427300CF0709 /* KTCheckboxButtonUITests.swift */,
				666C476D1E0A427300CF0709 /* Info.plist */,
			);
			path = KTCheckboxButtonUITests;
			sourceTree = "<group>";
		};
/* End PBXGroup section */

/* Begin PBXNativeTarget section */
		666C47471E0A427300CF0709 /* KTCheckboxButton */ = {
			isa = PBXNativeTarget;
			buildConfigurationList = 666C47701E0A427300CF0709 /* Build configuration list for PBXNativeTarget "KTCheckboxButton" */;
			buildPhases = (
				666C47441E0A427300CF0709 /* Sources */,
				666C47451E0A427300CF0709 /* Frameworks */,
				666C47461E0A427300CF0709 /* Resources */,
			);
			buildRules = (
			);
			dependencies = (
			);
			name = KTCheckboxButton;
			productName = KTCheckboxButton;
			productReference = 666C47481E0A427300CF0709 /* KTCheckboxButton.app */;
			productType = "com.apple.product-type.application";
		};
		666C475B1E0A427300CF0709 /* KTCheckboxButtonTests */ = {
			isa = PBXNativeTarget;
			buildConfigurationList = 666C47731E0A427300CF0709 /* Build configuration list for PBXNativeTarget "KTCheckboxButtonTests" */;
			buildPhases = (
				666C47581E0A427300CF0709 /* Sources */,
				666C47591E0A427300CF0709 /* Frameworks */,
				666C475A1E0A427300CF0709 /* Resources */,
			);
			buildRules = (
			);
			dependencies = (
				666C475E1E0A427300CF0709 /* PBXTargetDependency */,
			);
			name = KTCheckboxButtonTests;
			productName = KTCheckboxButtonTests;
			productReference = 666C475C1E0A427300CF0709 /* KTCheckboxButtonTests.xctest */;
			productType = "com.apple.product-type.bundle.unit-test";
		};
		666C47661E0A427300CF0709 /* KTCheckboxButtonUITests */ = {
			isa = PBXNativeTarget;
			buildConfigurationList = 666C47761E0A427300CF0709 /* Build configuration list for PBXNativeTarget "KTCheckboxButtonUITests" */;
			buildPhases = (
				666C47631E0A427300CF0709 /* Sources */,
				666C47641E0A427300CF0709 /* Frameworks */,
				666C47651E0A427300CF0709 /* Resources */,
			);
			buildRules = (
			);
			dependencies = (
				666C47691E0A427300CF0709 /* PBXTargetDependency */,
			);
			name = KTCheckboxButtonUITests;
			productName = KTCheckboxButtonUITests;
			productReference = 666C47671E0A427300CF0709 /* KTCheckboxButtonUITests.xctest */;
			productType = "com.apple.product-type.bundle.ui-testing";
		};
/* End PBXNativeTarget section */

/* Begin PBXProject section */
		666C47401E0A427300CF0709 /* Project object */ = {
			isa = PBXProject;
			attributes = {
				LastSwiftUpdateCheck = 0810;
				LastUpgradeCheck = 0810;
				ORGANIZATIONNAME = "Kartik Patel";
				TargetAttributes = {
					666C47471E0A427300CF0709 = {
						CreatedOnToolsVersion = 8.1;
						DevelopmentTeam = KP9ST78F2Z;
						ProvisioningStyle = Automatic;
					};
					666C475B1E0A427300CF0709 = {
						CreatedOnToolsVersion = 8.1;
						DevelopmentTeam = KP9ST78F2Z;
						ProvisioningStyle = Automatic;
						TestTargetID = 666C47471E0A427300CF0709;
					};
					666C47661E0A427300CF0709 = {
						CreatedOnToolsVersion = 8.1;
						DevelopmentTeam = KP9ST78F2Z;
						ProvisioningStyle = Automatic;
						TestTargetID = 666C47471E0A427300CF0709;
					};
				};
			};
			buildConfigurationList = 666C47431E0A427300CF0709 /* Build configuration list for PBXProject "KTCheckboxButton" */;
			compatibilityVersion = "Xcode 3.2";
			developmentRegion = English;
			hasScannedForEncodings = 0;
			knownRegions = (
				en,
				Base,
			);
			mainGroup = 666C473F1E0A427300CF0709;
			productRefGroup = 666C47491E0A427300CF0709 /* Products */;
			projectDirPath = "";
			projectRoot = "";
			targets = (
				666C47471E0A427300CF0709 /* KTCheckboxButton */,
				666C475B1E0A427300CF0709 /* KTCheckboxButtonTests */,
				666C47661E0A427300CF0709 /* KTCheckboxButtonUITests */,
			);
		};
/* End PBXProject section */

/* Begin PBXResourcesBuildPhase section */
		666C47461E0A427300CF0709 /* Resources */ = {
			isa = PBXResourcesBuildPhase;
			buildActionMask = 2147483647;
			files = (
				666C47561E0A427300CF0709 /* LaunchScreen.storyboard in Resources */,
				666C47531E0A427300CF0709 /* Assets.xcassets in Resources */,
				666C47511E0A427300CF0709 /* Main.storyboard in Resources */,
			);
			runOnlyForDeploymentPostprocessing = 0;
		};
		666C475A1E0A427300CF0709 /* Resources */ = {
			isa = PBXResourcesBuildPhase;
			buildActionMask = 2147483647;
			files = (
			);
			runOnlyForDeploymentPostprocessing = 0;
		};
		666C47651E0A427300CF0709 /* Resources */ = {
			isa = PBXResourcesBuildPhase;
			buildActionMask = 2147483647;
			files = (
			);
			runOnlyForDeploymentPostprocessing = 0;
		};
/* End PBXResourcesBuildPhase section */

/* Begin PBXSourcesBuildPhase section */
		666C47441E0A427300CF0709 /* Sources */ = {
			isa = PBXSourcesBuildPhase;
			buildActionMask = 2147483647;
			files = (
				666C474E1E0A427300CF0709 /* CheckboxExampleViewController.swift in Sources */,
				666C477A1E0A42D900CF0709 /* CheckboxButton.swift in Sources */,
				666C474C1E0A427300CF0709 /* AppDelegate.swift in Sources */,
			);
			runOnlyForDeploymentPostprocessing = 0;
		};
		666C47581E0A427300CF0709 /* Sources */ = {
			isa = PBXSourcesBuildPhase;
			buildActionMask = 2147483647;
			files = (
				666C47611E0A427300CF0709 /* KTCheckboxButtonTests.swift in Sources */,
			);
			runOnlyForDeploymentPostprocessing = 0;
		};
		666C47631E0A427300CF0709 /* Sources */ = {
			isa = PBXSourcesBuildPhase;
			buildActionMask = 2147483647;
			files = (
				666C476C1E0A427300CF0709 /* KTCheckboxButtonUITests.swift in Sources */,
			);
			runOnlyForDeploymentPostprocessing = 0;
		};
/* End PBXSourcesBuildPhase section */

/* Begin PBXTargetDependency section */
		666C475E1E0A427300CF0709 /* PBXTargetDependency */ = {
			isa = PBXTargetDependency;
			target = 666C47471E0A427300CF0709 /* KTCheckboxButton */;
			targetProxy = 666C475D1E0A427300CF0709 /* PBXContainerItemProxy */;
		};
		666C47691E0A427300CF0709 /* PBXTargetDependency */ = {
			isa = PBXTargetDependency;
			target = 666C47471E0A427300CF0709 /* KTCheckboxButton */;
			targetProxy = 666C47681E0A427300CF0709 /* PBXContainerItemProxy */;
		};
/* End PBXTargetDependency section */

/* Begin PBXVariantGroup section */
		666C474F1E0A427300CF0709 /* Main.storyboard */ = {
			isa = PBXVariantGroup;
			children = (
				666C47501E0A427300CF0709 /* Base */,
			);
			name = Main.storyboard;
			sourceTree = "<group>";
		};
		666C47541E0A427300CF0709 /* LaunchScreen.storyboard */ = {
			isa = PBXVariantGroup;
			children = (
				666C47551E0A427300CF0709 /* Base */,
			);
			name = LaunchScreen.storyboard;
			sourceTree = "<group>";
		};
/* End PBXVariantGroup section */

/* Begin XCBuildConfiguration section */
		666C476E1E0A427300CF0709 /* Debug */ = {
			isa = XCBuildConfiguration;
			buildSettings = {
				ALWAYS_SEARCH_USER_PATHS = NO;
				CLANG_ANALYZER_NONNULL = YES;
				CLANG_CXX_LANGUAGE_STANDARD = "gnu++0x";
				CLANG_CXX_LIBRARY = "libc++";
				CLANG_ENABLE_MODULES = YES;
				CLANG_ENABLE_OBJC_ARC = YES;
				CLANG_WARN_BOOL_CONVERSION = YES;
				CLANG_WARN_CONSTANT_CONVERSION = YES;
				CLANG_WARN_DIRECT_OBJC_ISA_USAGE = YES_ERROR;
				CLANG_WARN_DOCUMENTATION_COMMENTS = YES;
				CLANG_WARN_EMPTY_BODY = YES;
				CLANG_WARN_ENUM_CONVERSION = YES;
				CLANG_WARN_INFINITE_RECURSION = YES;
				CLANG_WARN_INT_CONVERSION = YES;
				CLANG_WARN_OBJC_ROOT_CLASS = YES_ERROR;
				CLANG_WARN_SUSPICIOUS_MOVES = YES;
				CLANG_WARN_UNREACHABLE_CODE = YES;
				CLANG_WARN__DUPLICATE_METHOD_MATCH = YES;
				"CODE_SIGN_IDENTITY[sdk=iphoneos*]" = "iPhone Developer";
				COPY_PHASE_STRIP = NO;
				DEBUG_INFORMATION_FORMAT = dwarf;
				ENABLE_STRICT_OBJC_MSGSEND = YES;
				ENABLE_TESTABILITY = YES;
				GCC_C_LANGUAGE_STANDARD = gnu99;
				GCC_DYNAMIC_NO_PIC = NO;
				GCC_NO_COMMON_BLOCKS = YES;
				GCC_OPTIMIZATION_LEVEL = 0;
				GCC_PREPROCESSOR_DEFINITIONS = (
					"DEBUG=1",
					"$(inherited)",
				);
				GCC_WARN_64_TO_32_BIT_CONVERSION = YES;
				GCC_WARN_ABOUT_RETURN_TYPE = YES_ERROR;
				GCC_WARN_UNDECLARED_SELECTOR = YES;
				GCC_WARN_UNINITIALIZED_AUTOS = YES_AGGRESSIVE;
				GCC_WARN_UNUSED_FUNCTION = YES;
				GCC_WARN_UNUSED_VARIABLE = YES;
				IPHONEOS_DEPLOYMENT_TARGET = 10.1;
				MTL_ENABLE_DEBUG_INFO = YES;
				ONLY_ACTIVE_ARCH = YES;
				SDKROOT = iphoneos;
				SWIFT_ACTIVE_COMPILATION_CONDITIONS = DEBUG;
				SWIFT_OPTIMIZATION_LEVEL = "-Onone";
				TARGETED_DEVICE_FAMILY = "1,2";
			};
			name = Debug;
		};
		666C476F1E0A427300CF0709 /* Release */ = {
			isa = XCBuildConfiguration;
			buildSettings = {
				ALWAYS_SEARCH_USER_PATHS = NO;
				CLANG_ANALYZER_NONNULL = YES;
				CLANG_CXX_LANGUAGE_STANDARD = "gnu++0x";
				CLANG_CXX_LIBRARY = "libc++";
				CLANG_ENABLE_MODULES = YES;
				CLANG_ENABLE_OBJC_ARC = YES;
				CLANG_WARN_BOOL_CONVERSION = YES;
				CLANG_WARN_CONSTANT_CONVERSION = YES;
				CLANG_WARN_DIRECT_OBJC_ISA_USAGE = YES_ERROR;
				CLANG_WARN_DOCUMENTATION_COMMENTS = YES;
				CLANG_WARN_EMPTY_BODY = YES;
				CLANG_WARN_ENUM_CONVERSION = YES;
				CLANG_WARN_INFINITE_RECURSION = YES;
				CLANG_WARN_INT_CONVERSION = YES;
				CLANG_WARN_OBJC_ROOT_CLASS = YES_ERROR;
				CLANG_WARN_SUSPICIOUS_MOVES = YES;
				CLANG_WARN_UNREACHABLE_CODE = YES;
				CLANG_WARN__DUPLICATE_METHOD_MATCH = YES;
				"CODE_SIGN_IDENTITY[sdk=iphoneos*]" = "iPhone Developer";
				COPY_PHASE_STRIP = NO;
				DEBUG_INFORMATION_FORMAT = "dwarf-with-dsym";
				ENABLE_NS_ASSERTIONS = NO;
				ENABLE_STRICT_OBJC_MSGSEND = YES;
				GCC_C_LANGUAGE_STANDARD = gnu99;
				GCC_NO_COMMON_BLOCKS = YES;
				GCC_WARN_64_TO_32_BIT_CONVERSION = YES;
				GCC_WARN_ABOUT_RETURN_TYPE = YES_ERROR;
				GCC_WARN_UNDECLARED_SELECTOR = YES;
				GCC_WARN_UNINITIALIZED_AUTOS = YES_AGGRESSIVE;
				GCC_WARN_UNUSED_FUNCTION = YES;
				GCC_WARN_UNUSED_VARIABLE = YES;
				IPHONEOS_DEPLOYMENT_TARGET = 10.1;
				MTL_ENABLE_DEBUG_INFO = NO;
				SDKROOT = iphoneos;
				SWIFT_OPTIMIZATION_LEVEL = "-Owholemodule";
				TARGETED_DEVICE_FAMILY = "1,2";
				VALIDATE_PRODUCT = YES;
			};
			name = Release;
		};
		666C47711E0A427300CF0709 /* Debug */ = {
			isa = XCBuildConfiguration;
			buildSettings = {
				ASSETCATALOG_COMPILER_APPICON_NAME = AppIcon;
				DEVELOPMENT_TEAM = KP9ST78F2Z;
				INFOPLIST_FILE = KTCheckboxButton/Info.plist;
				IPHONEOS_DEPLOYMENT_TARGET = 8.0;
				LD_RUNPATH_SEARCH_PATHS = "$(inherited) @executable_path/Frameworks";
				PRODUCT_BUNDLE_IDENTIFIER = com.ktpatel.KTCheckboxButton;
				PRODUCT_NAME = "$(TARGET_NAME)";
				SWIFT_VERSION = 3.0;
			};
			name = Debug;
		};
		666C47721E0A427300CF0709 /* Release */ = {
			isa = XCBuildConfiguration;
			buildSettings = {
				ASSETCATALOG_COMPILER_APPICON_NAME = AppIcon;
				DEVELOPMENT_TEAM = KP9ST78F2Z;
				INFOPLIST_FILE = KTCheckboxButton/Info.plist;
				IPHONEOS_DEPLOYMENT_TARGET = 8.0;
				LD_RUNPATH_SEARCH_PATHS = "$(inherited) @executable_path/Frameworks";
				PRODUCT_BUNDLE_IDENTIFIER = com.ktpatel.KTCheckboxButton;
				PRODUCT_NAME = "$(TARGET_NAME)";
				SWIFT_VERSION = 3.0;
			};
			name = Release;
		};
		666C47741E0A427300CF0709 /* Debug */ = {
			isa = XCBuildConfiguration;
			buildSettings = {
				ALWAYS_EMBED_SWIFT_STANDARD_LIBRARIES = YES;
				BUNDLE_LOADER = "$(TEST_HOST)";
				DEVELOPMENT_TEAM = KP9ST78F2Z;
				INFOPLIST_FILE = KTCheckboxButtonTests/Info.plist;
				LD_RUNPATH_SEARCH_PATHS = "$(inherited) @executable_path/Frameworks @loader_path/Frameworks";
				PRODUCT_BUNDLE_IDENTIFIER = com.ktpatel.KTCheckboxButtonTests;
				PRODUCT_NAME = "$(TARGET_NAME)";
				SWIFT_VERSION = 3.0;
				TEST_HOST = "$(BUILT_PRODUCTS_DIR)/KTCheckboxButton.app/KTCheckboxButton";
			};
			name = Debug;
		};
		666C47751E0A427300CF0709 /* Release */ = {
			isa = XCBuildConfiguration;
			buildSettings = {
				ALWAYS_EMBED_SWIFT_STANDARD_LIBRARIES = YES;
				BUNDLE_LOADER = "$(TEST_HOST)";
				DEVELOPMENT_TEAM = KP9ST78F2Z;
				INFOPLIST_FILE = KTCheckboxButtonTests/Info.plist;
				LD_RUNPATH_SEARCH_PATHS = "$(inherited) @executable_path/Frameworks @loader_path/Frameworks";
				PRODUCT_BUNDLE_IDENTIFIER = com.ktpatel.KTCheckboxButtonTests;
				PRODUCT_NAME = "$(TARGET_NAME)";
				SWIFT_VERSION = 3.0;
				TEST_HOST = "$(BUILT_PRODUCTS_DIR)/KTCheckboxButton.app/KTCheckboxButton";
			};
			name = Release;
		};
		666C47771E0A427300CF0709 /* Debug */ = {
			isa = XCBuildConfiguration;
			buildSettings = {
				ALWAYS_EMBED_SWIFT_STANDARD_LIBRARIES = YES;
				DEVELOPMENT_TEAM = KP9ST78F2Z;
				INFOPLIST_FILE = KTCheckboxButtonUITests/Info.plist;
				LD_RUNPATH_SEARCH_PATHS = "$(inherited) @executable_path/Frameworks @loader_path/Frameworks";
				PRODUCT_BUNDLE_IDENTIFIER = com.ktpatel.KTCheckboxButtonUITests;
				PRODUCT_NAME = "$(TARGET_NAME)";
				SWIFT_VERSION = 3.0;
				TEST_TARGET_NAME = KTCheckboxButton;
			};
			name = Debug;
		};
		666C47781E0A427300CF0709 /* Release */ = {
			isa = XCBuildConfiguration;
			buildSettings = {
				ALWAYS_EMBED_SWIFT_STANDARD_LIBRARIES = YES;
				DEVELOPMENT_TEAM = KP9ST78F2Z;
				INFOPLIST_FILE = KTCheckboxButtonUITests/Info.plist;
				LD_RUNPATH_SEARCH_PATHS = "$(inherited) @executable_path/Frameworks @loader_path/Frameworks";
				PRODUCT_BUNDLE_IDENTIFIER = com.ktpatel.KTCheckboxButtonUITests;
				PRODUCT_NAME = "$(TARGET_NAME)";
				SWIFT_VERSION = 3.0;
				TEST_TARGET_NAME = KTCheckboxButton;
			};
			name = Release;
		};
/* End XCBuildConfiguration section */

/* Begin XCConfigurationList section */
		666C47431E0A427300CF0709 /* Build configuration list for PBXProject "KTCheckboxButton" */ = {
			isa = XCConfigurationList;
			buildConfigurations = (
				666C476E1E0A427300CF0709 /* Debug */,
				666C476F1E0A427300CF0709 /* Release */,
			);
			defaultConfigurationIsVisible = 0;
			defaultConfigurationName = Release;
		};
		666C47701E0A427300CF0709 /* Build configuration list for PBXNativeTarget "KTCheckboxButton" */ = {
			isa = XCConfigurationList;
			buildConfigurations = (
				666C47711E0A427300CF0709 /* Debug */,
				666C47721E0A427300CF0709 /* Release */,
			);
			defaultConfigurationIsVisible = 0;
			defaultConfigurationName = Release;
		};
		666C47731E0A427300CF0709 /* Build configuration list for PBXNativeTarget "KTCheckboxButtonTests" */ = {
			isa = XCConfigurationList;
			buildConfigurations = (
				666C47741E0A427300CF0709 /* Debug */,
				666C47751E0A427300CF0709 /* Release */,
			);
			defaultConfigurationIsVisible = 0;
			defaultConfigurationName = Release;
		};
		666C47761E0A427300CF0709 /* Build configuration list for PBXNativeTarget "KTCheckboxButtonUITests" */ = {
			isa = XCConfigurationList;
			buildConfigurations = (
				666C47771E0A427300CF0709 /* Debug */,
				666C47781E0A427300CF0709 /* Release */,
			);
			defaultConfigurationIsVisible = 0;
			defaultConfigurationName = Release;
		};
/* End XCConfigurationList section */
	};
	rootObject = 666C47401E0A427300CF0709 /* Project object */;
}
